
Microsoft Visual Studio Solution File, Format Version 12.00
# Visual Studio 15
VisualStudioVersion = 15.0.27703.2047
MinimumVisualStudioVersion = 10.0.40219.1
Project("{FAE04EC0-301F-11D3-BF4B-00C04F79EFBC}") = "WindowsFormsApp1", "WindowsFormsApp1\WindowsFormsApp1.csproj", "{B17E4211-F150-45F1-A9C3-B1419FF8493A}"
EndProject
Global
	GlobalSection(SolutionConfigurationPlatforms) = preSolution
		Debug|Any CPU = Debug|Any CPU
		Release|Any CPU = Release|Any CPU
	EndGlobalSection
	GlobalSection(ProjectConfigurationPlatforms) = postSolution
		{B17E4211-F150-45F1-A9C3-B1419FF8493A}.Debug|Any CPU.ActiveCfg = Debug|Any CPU
		{B17E4211-F150-45F1-A9C3-B1419FF8493A}.Debug|Any CPU.Build.0 = Debug|Any CPU
		{B17E4211-F150-45F1-A9C3-B1419FF8493A}.Release|Any CPU.ActiveCfg = Release|Any CPU
		{B17E4211-F150-45F1-A9C3-B1419FF8493A}.Release|Any CPU.Build.0 = Release|Any CPU
	EndGlobalSection
	GlobalSection(SolutionProperties) = preSolution
		HideSolutionNode = FALSE
	EndGlobalSection
	GlobalSection(ExtensibilityGlobals) = postSolution
		SolutionGuid = {DB0C042B-581D-4A7D-9BB5-C0E2EDD6243D}
	EndGlobalSection
EndGlobal
